
Microsoft Visual Studio Solution File, Format Version 12.00
# Visual Studio 2013
VisualStudioVersion = 12.0.40629.0
MinimumVisualStudioVersion = 10.0.40219.1
Project("{2150E333-8FDC-42A3-9474-1A3956D46DE8}") = "00 Document 文档", "00 Document 文档", "{A6F0782B-61E1-4A45-A2F1-0678D1B22242}"
EndProject
Project("{2150E333-8FDC-42A3-9474-1A3956D46DE8}") = "01 Framework 基础模块", "01 Framework 基础模块", "{B3EBA2F6-8CDD-469E-8CA6-1BAC58603333}"
EndProject
Project("{2150E333-8FDC-42A3-9474-1A3956D46DE8}") = "02 ApplicationModule 应用模块", "02 ApplicationModule 应用模块", "{E8AB42C4-92E6-41E4-8CE3-3D998A3B61CD}"
EndProject
Project("{2150E333-8FDC-42A3-9474-1A3956D46DE8}") = "03 Application 展示模块", "03 Application 展示模块", "{5F82B36F-3E9E-4A22-BC40-6BDB008A532A}"
EndProject
Project("{FAE04EC0-301F-11D3-BF4B-00C04F79EFBC}") = "JZ.T4", "JZ.T4\JZ.T4.csproj", "{98EE6419-979F-4A60-BF94-3583CEFE6DB0}"
EndProject
Project("{FAE04EC0-301F-11D3-BF4B-00C04F79EFBC}") = "JZ.Repository", "JZ.Repository\JZ.Repository.csproj", "{453B2211-8CCC-4BA6-9EA9-B5D5FDA2BD6C}"
EndProject
Project("{FAE04EC0-301F-11D3-BF4B-00C04F79EFBC}") = "JZ.Interfaces", "JZ.Interfaces\JZ.Interfaces.csproj", "{513C69EB-62C6-487B-888D-6255F5AF42FD}"
EndProject
Project("{FAE04EC0-301F-11D3-BF4B-00C04F79EFBC}") = "JZ.Loger", "JZ.Loger\JZ.Loger.csproj", "{F34680EB-617A-4E32-92BB-70144FB9B29D}"
EndProject
Project("{FAE04EC0-301F-11D3-BF4B-00C04F79EFBC}") = "JZ.Server", "JZ.Server\JZ.Server.csproj", "{4882B0D0-69ED-4021-8F62-1FDF30318083}"
EndProject
Project("{FAE04EC0-301F-11D3-BF4B-00C04F79EFBC}") = "JZ.Models", "JZ.Models\JZ.Models.csproj", "{309F282C-95E3-40C3-8BCF-3B70C91B5E62}"
	ProjectSection(ProjectDependencies) = postProject
		{98EE6419-979F-4A60-BF94-3583CEFE6DB0} = {98EE6419-979F-4A60-BF94-3583CEFE6DB0}
	EndProjectSection
EndProject
Project("{FAE04EC0-301F-11D3-BF4B-00C04F79EFBC}") = "JZ.ModelExts", "JZ.ModelExts\JZ.ModelExts.csproj", "{E4B994BA-576F-4AA6-BCCC-6054ADAA376B}"
EndProject
Project("{FAE04EC0-301F-11D3-BF4B-00C04F79EFBC}") = "JZ.Tools", "JZ.Tools\JZ.Tools.csproj", "{B9EB4E2C-F03B-4D06-8094-2835B507131F}"
EndProject
Project("{E24C65DC-7377-472B-9ABA-BC803B73C61A}") = "Document", "http://localhost:8062", "{80099EDB-2B2D-495A-AE53-174B55CAF943}"
	ProjectSection(WebsiteProperties) = preProject
		UseIISExpress = "true"
		TargetFrameworkMoniker = ".NETFramework,Version%3Dv4.0"
		Debug.AspNetCompiler.VirtualPath = "/localhost_8062"
		Debug.AspNetCompiler.PhysicalPath = "Document\"
		Debug.AspNetCompiler.TargetPath = "PrecompiledWeb\localhost_8062\"
		Debug.AspNetCompiler.Updateable = "true"
		Debug.AspNetCompiler.ForceOverwrite = "true"
		Debug.AspNetCompiler.FixedNames = "false"
		Debug.AspNetCompiler.Debug = "True"
		Release.AspNetCompiler.VirtualPath = "/localhost_8062"
		Release.AspNetCompiler.PhysicalPath = "Document\"
		Release.AspNetCompiler.TargetPath = "PrecompiledWeb\localhost_8062\"
		Release.AspNetCompiler.Updateable = "true"
		Release.AspNetCompiler.ForceOverwrite = "true"
		Release.AspNetCompiler.FixedNames = "false"
		Release.AspNetCompiler.Debug = "False"
		SlnRelativePath = "Document\"
	EndProjectSection
EndProject
Project("{FAE04EC0-301F-11D3-BF4B-00C04F79EFBC}") = "JZ.Cache", "JZ.Cache\JZ.Cache.csproj", "{5605DE9C-91AF-4F24-93F4-99A37460F6E2}"
EndProject
Project("{FAE04EC0-301F-11D3-BF4B-00C04F79EFBC}") = "JZ.API", "JZ.API\JZ.API.csproj", "{91EB84C5-B222-4396-90C2-186EA3D9769F}"
EndProject
Project("{FAE04EC0-301F-11D3-BF4B-00C04F79EFBC}") = "JZ.APIServer", "JZ.APIServer\JZ.APIServer.csproj", "{7ED81BB7-629F-4075-B72E-BCB33A10E82C}"
EndProject
Project("{FAE04EC0-301F-11D3-BF4B-00C04F79EFBC}") = "JZ.Test", "JZ.Test\JZ.Test.csproj", "{D2E89B93-EA56-484D-9C7C-0E4DBC02BBB4}"
EndProject
Global
	GlobalSection(SolutionConfigurationPlatforms) = preSolution
		Debug|Any CPU = Debug|Any CPU
		Release|Any CPU = Release|Any CPU
		Test|Any CPU = Test|Any CPU
	EndGlobalSection
	GlobalSection(ProjectConfigurationPlatforms) = postSolution
		{98EE6419-979F-4A60-BF94-3583CEFE6DB0}.Debug|Any CPU.ActiveCfg = Debug|Any CPU
		{98EE6419-979F-4A60-BF94-3583CEFE6DB0}.Debug|Any CPU.Build.0 = Debug|Any CPU
		{98EE6419-979F-4A60-BF94-3583CEFE6DB0}.Release|Any CPU.ActiveCfg = Release|Any CPU
		{98EE6419-979F-4A60-BF94-3583CEFE6DB0}.Release|Any CPU.Build.0 = Release|Any CPU
		{98EE6419-979F-4A60-BF94-3583CEFE6DB0}.Test|Any CPU.ActiveCfg = Release|Any CPU
		{98EE6419-979F-4A60-BF94-3583CEFE6DB0}.Test|Any CPU.Build.0 = Release|Any CPU
		{453B2211-8CCC-4BA6-9EA9-B5D5FDA2BD6C}.Debug|Any CPU.ActiveCfg = Debug|Any CPU
		{453B2211-8CCC-4BA6-9EA9-B5D5FDA2BD6C}.Debug|Any CPU.Build.0 = Debug|Any CPU
		{453B2211-8CCC-4BA6-9EA9-B5D5FDA2BD6C}.Release|Any CPU.ActiveCfg = Release|Any CPU
		{453B2211-8CCC-4BA6-9EA9-B5D5FDA2BD6C}.Release|Any CPU.Build.0 = Release|Any CPU
		{453B2211-8CCC-4BA6-9EA9-B5D5FDA2BD6C}.Test|Any CPU.ActiveCfg = Release|Any CPU
		{453B2211-8CCC-4BA6-9EA9-B5D5FDA2BD6C}.Test|Any CPU.Build.0 = Release|Any CPU
		{513C69EB-62C6-487B-888D-6255F5AF42FD}.Debug|Any CPU.ActiveCfg = Debug|Any CPU
		{513C69EB-62C6-487B-888D-6255F5AF42FD}.Debug|Any CPU.Build.0 = Debug|Any CPU
		{513C69EB-62C6-487B-888D-6255F5AF42FD}.Release|Any CPU.ActiveCfg = Release|Any CPU
		{513C69EB-62C6-487B-888D-6255F5AF42FD}.Release|Any CPU.Build.0 = Release|Any CPU
		{513C69EB-62C6-487B-888D-6255F5AF42FD}.Test|Any CPU.ActiveCfg = Release|Any CPU
		{513C69EB-62C6-487B-888D-6255F5AF42FD}.Test|Any CPU.Build.0 = Release|Any CPU
		{F34680EB-617A-4E32-92BB-70144FB9B29D}.Debug|Any CPU.ActiveCfg = Debug|Any CPU
		{F34680EB-617A-4E32-92BB-70144FB9B29D}.Debug|Any CPU.Build.0 = Debug|Any CPU
		{F34680EB-617A-4E32-92BB-70144FB9B29D}.Release|Any CPU.ActiveCfg = Release|Any CPU
		{F34680EB-617A-4E32-92BB-70144FB9B29D}.Release|Any CPU.Build.0 = Release|Any CPU
		{F34680EB-617A-4E32-92BB-70144FB9B29D}.Test|Any CPU.ActiveCfg = Release|Any CPU
		{F34680EB-617A-4E32-92BB-70144FB9B29D}.Test|Any CPU.Build.0 = Release|Any CPU
		{4882B0D0-69ED-4021-8F62-1FDF30318083}.Debug|Any CPU.ActiveCfg = Debug|Any CPU
		{4882B0D0-69ED-4021-8F62-1FDF30318083}.Debug|Any CPU.Build.0 = Debug|Any CPU
		{4882B0D0-69ED-4021-8F62-1FDF30318083}.Release|Any CPU.ActiveCfg = Release|Any CPU
		{4882B0D0-69ED-4021-8F62-1FDF30318083}.Release|Any CPU.Build.0 = Release|Any CPU
		{4882B0D0-69ED-4021-8F62-1FDF30318083}.Test|Any CPU.ActiveCfg = Release|Any CPU
		{4882B0D0-69ED-4021-8F62-1FDF30318083}.Test|Any CPU.Build.0 = Release|Any CPU
		{309F282C-95E3-40C3-8BCF-3B70C91B5E62}.Debug|Any CPU.ActiveCfg = Debug|Any CPU
		{309F282C-95E3-40C3-8BCF-3B70C91B5E62}.Debug|Any CPU.Build.0 = Debug|Any CPU
		{309F282C-95E3-40C3-8BCF-3B70C91B5E62}.Release|Any CPU.ActiveCfg = Release|Any CPU
		{309F282C-95E3-40C3-8BCF-3B70C91B5E62}.Release|Any CPU.Build.0 = Release|Any CPU
		{309F282C-95E3-40C3-8BCF-3B70C91B5E62}.Test|Any CPU.ActiveCfg = Release|Any CPU
		{309F282C-95E3-40C3-8BCF-3B70C91B5E62}.Test|Any CPU.Build.0 = Release|Any CPU
		{E4B994BA-576F-4AA6-BCCC-6054ADAA376B}.Debug|Any CPU.ActiveCfg = Debug|Any CPU
		{E4B994BA-576F-4AA6-BCCC-6054ADAA376B}.Debug|Any CPU.Build.0 = Debug|Any CPU
		{E4B994BA-576F-4AA6-BCCC-6054ADAA376B}.Release|Any CPU.ActiveCfg = Release|Any CPU
		{E4B994BA-576F-4AA6-BCCC-6054ADAA376B}.Release|Any CPU.Build.0 = Release|Any CPU
		{E4B994BA-576F-4AA6-BCCC-6054ADAA376B}.Test|Any CPU.ActiveCfg = Release|Any CPU
		{E4B994BA-576F-4AA6-BCCC-6054ADAA376B}.Test|Any CPU.Build.0 = Release|Any CPU
		{B9EB4E2C-F03B-4D06-8094-2835B507131F}.Debug|Any CPU.ActiveCfg = Debug|Any CPU
		{B9EB4E2C-F03B-4D06-8094-2835B507131F}.Debug|Any CPU.Build.0 = Debug|Any CPU
		{B9EB4E2C-F03B-4D06-8094-2835B507131F}.Release|Any CPU.ActiveCfg = Release|Any CPU
		{B9EB4E2C-F03B-4D06-8094-2835B507131F}.Release|Any CPU.Build.0 = Release|Any CPU
		{B9EB4E2C-F03B-4D06-8094-2835B507131F}.Test|Any CPU.ActiveCfg = Release|Any CPU
		{B9EB4E2C-F03B-4D06-8094-2835B507131F}.Test|Any CPU.Build.0 = Release|Any CPU
		{80099EDB-2B2D-495A-AE53-174B55CAF943}.Debug|Any CPU.ActiveCfg = Debug|Any CPU
		{80099EDB-2B2D-495A-AE53-174B55CAF943}.Debug|Any CPU.Build.0 = Debug|Any CPU
		{80099EDB-2B2D-495A-AE53-174B55CAF943}.Release|Any CPU.ActiveCfg = Debug|Any CPU
		{80099EDB-2B2D-495A-AE53-174B55CAF943}.Release|Any CPU.Build.0 = Debug|Any CPU
		{80099EDB-2B2D-495A-AE53-174B55CAF943}.Test|Any CPU.ActiveCfg = Debug|Any CPU
		{80099EDB-2B2D-495A-AE53-174B55CAF943}.Test|Any CPU.Build.0 = Debug|Any CPU
		{5605DE9C-91AF-4F24-93F4-99A37460F6E2}.Debug|Any CPU.ActiveCfg = Debug|Any CPU
		{5605DE9C-91AF-4F24-93F4-99A37460F6E2}.Debug|Any CPU.Build.0 = Debug|Any CPU
		{5605DE9C-91AF-4F24-93F4-99A37460F6E2}.Release|Any CPU.ActiveCfg = Release|Any CPU
		{5605DE9C-91AF-4F24-93F4-99A37460F6E2}.Release|Any CPU.Build.0 = Release|Any CPU
		{5605DE9C-91AF-4F24-93F4-99A37460F6E2}.Test|Any CPU.ActiveCfg = Release|Any CPU
		{5605DE9C-91AF-4F24-93F4-99A37460F6E2}.Test|Any CPU.Build.0 = Release|Any CPU
		{91EB84C5-B222-4396-90C2-186EA3D9769F}.Debug|Any CPU.ActiveCfg = Debug|Any CPU
		{91EB84C5-B222-4396-90C2-186EA3D9769F}.Debug|Any CPU.Build.0 = Debug|Any CPU
		{91EB84C5-B222-4396-90C2-186EA3D9769F}.Release|Any CPU.ActiveCfg = Release|Any CPU
		{91EB84C5-B222-4396-90C2-186EA3D9769F}.Release|Any CPU.Build.0 = Release|Any CPU
		{91EB84C5-B222-4396-90C2-186EA3D9769F}.Test|Any CPU.ActiveCfg = Release|Any CPU
		{91EB84C5-B222-4396-90C2-186EA3D9769F}.Test|Any CPU.Build.0 = Release|Any CPU
		{7ED81BB7-629F-4075-B72E-BCB33A10E82C}.Debug|Any CPU.ActiveCfg = Debug|Any CPU
		{7ED81BB7-629F-4075-B72E-BCB33A10E82C}.Debug|Any CPU.Build.0 = Debug|Any CPU
		{7ED81BB7-629F-4075-B72E-BCB33A10E82C}.Release|Any CPU.ActiveCfg = Release|Any CPU
		{7ED81BB7-629F-4075-B72E-BCB33A10E82C}.Release|Any CPU.Build.0 = Release|Any CPU
		{7ED81BB7-629F-4075-B72E-BCB33A10E82C}.Test|Any CPU.ActiveCfg = Release|Any CPU
		{7ED81BB7-629F-4075-B72E-BCB33A10E82C}.Test|Any CPU.Build.0 = Release|Any CPU
		{D2E89B93-EA56-484D-9C7C-0E4DBC02BBB4}.Debug|Any CPU.ActiveCfg = Debug|Any CPU
		{D2E89B93-EA56-484D-9C7C-0E4DBC02BBB4}.Debug|Any CPU.Build.0 = Debug|Any CPU
		{D2E89B93-EA56-484D-9C7C-0E4DBC02BBB4}.Release|Any CPU.ActiveCfg = Release|Any CPU
		{D2E89B93-EA56-484D-9C7C-0E4DBC02BBB4}.Release|Any CPU.Build.0 = Release|Any CPU
		{D2E89B93-EA56-484D-9C7C-0E4DBC02BBB4}.Test|Any CPU.ActiveCfg = Release|Any CPU
		{D2E89B93-EA56-484D-9C7C-0E4DBC02BBB4}.Test|Any CPU.Build.0 = Release|Any CPU
	EndGlobalSection
	GlobalSection(SolutionProperties) = preSolution
		HideSolutionNode = FALSE
	EndGlobalSection
	GlobalSection(NestedProjects) = preSolution
		{98EE6419-979F-4A60-BF94-3583CEFE6DB0} = {B3EBA2F6-8CDD-469E-8CA6-1BAC58603333}
		{453B2211-8CCC-4BA6-9EA9-B5D5FDA2BD6C} = {E8AB42C4-92E6-41E4-8CE3-3D998A3B61CD}
		{513C69EB-62C6-487B-888D-6255F5AF42FD} = {B3EBA2F6-8CDD-469E-8CA6-1BAC58603333}
		{F34680EB-617A-4E32-92BB-70144FB9B29D} = {B3EBA2F6-8CDD-469E-8CA6-1BAC58603333}
		{4882B0D0-69ED-4021-8F62-1FDF30318083} = {E8AB42C4-92E6-41E4-8CE3-3D998A3B61CD}
		{309F282C-95E3-40C3-8BCF-3B70C91B5E62} = {B3EBA2F6-8CDD-469E-8CA6-1BAC58603333}
		{E4B994BA-576F-4AA6-BCCC-6054ADAA376B} = {B3EBA2F6-8CDD-469E-8CA6-1BAC58603333}
		{B9EB4E2C-F03B-4D06-8094-2835B507131F} = {B3EBA2F6-8CDD-469E-8CA6-1BAC58603333}
		{80099EDB-2B2D-495A-AE53-174B55CAF943} = {A6F0782B-61E1-4A45-A2F1-0678D1B22242}
		{5605DE9C-91AF-4F24-93F4-99A37460F6E2} = {B3EBA2F6-8CDD-469E-8CA6-1BAC58603333}
		{91EB84C5-B222-4396-90C2-186EA3D9769F} = {5F82B36F-3E9E-4A22-BC40-6BDB008A532A}
		{7ED81BB7-629F-4075-B72E-BCB33A10E82C} = {5F82B36F-3E9E-4A22-BC40-6BDB008A532A}
		{D2E89B93-EA56-484D-9C7C-0E4DBC02BBB4} = {5F82B36F-3E9E-4A22-BC40-6BDB008A532A}
	EndGlobalSection
EndGlobal
